
Microsoft Visual Studio Solution File, Format Version 12.00
# Visual Studio Version 17
VisualStudioVersion = 17.8.34330.188
MinimumVisualStudioVersion = 10.0.40219.1
Project("{8BC9CEB8-8B4A-11D0-8D11-00A0C91BC942}") = "Project3", "Project3.vcxproj", "{A5EE0595-3BA8-4527-A05A-928F6645FFD5}"
EndProject
Global
	GlobalSection(SolutionConfigurationPlatforms) = preSolution
		Debug|x64 = Debug|x64
		Debug|x86 = Debug|x86
		Release|x64 = Release|x64
		Release|x86 = Release|x86
	EndGlobalSection
	GlobalSection(ProjectConfigurationPlatforms) = postSolution
		{A5EE0595-3BA8-4527-A05A-928F6645FFD5}.Debug|x64.ActiveCfg = Debug|x64
		{A5EE0595-3BA8-4527-A05A-928F6645FFD5}.Debug|x64.Build.0 = Debug|x64
		{A5EE0595-3BA8-4527-A05A-928F6645FFD5}.Debug|x86.ActiveCfg = Debug|Win32
		{A5EE0595-3BA8-4527-A05A-928F6645FFD5}.Debug|x86.Build.0 = Debug|Win32
		{A5EE0595-3BA8-4527-A05A-928F6645FFD5}.Release|x64.ActiveCfg = Release|x64
		{A5EE0595-3BA8-4527-A05A-928F6645FFD5}.Release|x64.Build.0 = Release|x64
		{A5EE0595-3BA8-4527-A05A-928F6645FFD5}.Release|x86.ActiveCfg = Release|Win32
		{A5EE0595-3BA8-4527-A05A-928F6645FFD5}.Release|x86.Build.0 = Release|Win32
	EndGlobalSection
	GlobalSection(SolutionProperties) = preSolution
		HideSolutionNode = FALSE
	EndGlobalSection
	GlobalSection(ExtensibilityGlobals) = postSolution
		SolutionGuid = {F1EED1F5-A7C9-4319-9B83-0FD803F77E62}
	EndGlobalSection
EndGlobal
